
Microsoft Visual Studio Solution File, Format Version 12.00
# Visual Studio Version 17
VisualStudioVersion = 17.10.35004.147
MinimumVisualStudioVersion = 10.0.40219.1
Project("{FAE04EC0-301F-11D3-BF4B-00C04F79EFBC}") = "DependencyInjection", "DependencyInjection\DependencyInjection.csproj", "{F15CF05B-617A-481B-93A2-4C2790A93ECB}"
EndProject
Global
	GlobalSection(SolutionConfigurationPlatforms) = preSolution
		Debug|Any CPU = Debug|Any CPU
		Release|Any CPU = Release|Any CPU
	EndGlobalSection
	GlobalSection(ProjectConfigurationPlatforms) = postSolution
		{F15CF05B-617A-481B-93A2-4C2790A93ECB}.Debug|Any CPU.ActiveCfg = Debug|Any CPU
		{F15CF05B-617A-481B-93A2-4C2790A93ECB}.Debug|Any CPU.Build.0 = Debug|Any CPU
		{F15CF05B-617A-481B-93A2-4C2790A93ECB}.Release|Any CPU.ActiveCfg = Release|Any CPU
		{F15CF05B-617A-481B-93A2-4C2790A93ECB}.Release|Any CPU.Build.0 = Release|Any CPU
	EndGlobalSection
	GlobalSection(SolutionProperties) = preSolution
		HideSolutionNode = FALSE
	EndGlobalSection
	GlobalSection(ExtensibilityGlobals) = postSolution
		SolutionGuid = {40CD8CB6-EA99-4470-B5DD-586A33905977}
	EndGlobalSection
EndGlobal
